
Microsoft Visual Studio Solution File, Format Version 11.00
# Visual Studio 2010
Project("{FAE04EC0-301F-11D3-BF4B-00C04F79EFBC}") = "ChangeCalculator", "ChangeCalculator.csproj", "{DEB52FBF-F1E6-46D2-8259-7A541BCDC5F2}"
EndProject
Global
	GlobalSection(SolutionConfigurationPlatforms) = preSolution
		Debug|x86 = Debug|x86
		Release|x86 = Release|x86
	EndGlobalSection
	GlobalSection(ProjectConfigurationPlatforms) = postSolution
		{DEB52FBF-F1E6-46D2-8259-7A541BCDC5F2}.Debug|x86.ActiveCfg = Debug|x86
		{DEB52FBF-F1E6-46D2-8259-7A541BCDC5F2}.Debug|x86.Build.0 = Debug|x86
		{DEB52FBF-F1E6-46D2-8259-7A541BCDC5F2}.Release|x86.ActiveCfg = Release|x86
		{DEB52FBF-F1E6-46D2-8259-7A541BCDC5F2}.Release|x86.Build.0 = Release|x86
	EndGlobalSection
	GlobalSection(SolutionProperties) = preSolution
		HideSolutionNode = FALSE
	EndGlobalSection
EndGlobal
